
Microsoft Visual Studio Solution File, Format Version 12.00
# Visual Studio Version 17
VisualStudioVersion = 17.5.33530.505
MinimumVisualStudioVersion = 10.0.40219.1
Project("{FAE04EC0-301F-11D3-BF4B-00C04F79EFBC}") = "Monkeysoft.Screenshot", "Monkeysoft.Screenshot\Monkeysoft.Screenshot.csproj", "{7847D56A-ACCE-49A8-86C9-3CA33DCAEE09}"
EndProject
Global
	GlobalSection(SolutionConfigurationPlatforms) = preSolution
		Debug|Any CPU = Debug|Any CPU
		Release|Any CPU = Release|Any CPU
	EndGlobalSection
	GlobalSection(ProjectConfigurationPlatforms) = postSolution
		{7847D56A-ACCE-49A8-86C9-3CA33DCAEE09}.Debug|Any CPU.ActiveCfg = Debug|Any CPU
		{7847D56A-ACCE-49A8-86C9-3CA33DCAEE09}.Debug|Any CPU.Build.0 = Debug|Any CPU
		{7847D56A-ACCE-49A8-86C9-3CA33DCAEE09}.Release|Any CPU.ActiveCfg = Release|Any CPU
		{7847D56A-ACCE-49A8-86C9-3CA33DCAEE09}.Release|Any CPU.Build.0 = Release|Any CPU
	EndGlobalSection
	GlobalSection(SolutionProperties) = preSolution
		HideSolutionNode = FALSE
	EndGlobalSection
	GlobalSection(ExtensibilityGlobals) = postSolution
		SolutionGuid = {3B34FB30-892A-4926-B450-D294CBC58BDF}
	EndGlobalSection
EndGlobal
